
Microsoft Visual Studio Solution File, Format Version 12.00
# Visual Studio Version 17
VisualStudioVersion = 17.8.34330.188
MinimumVisualStudioVersion = 10.0.40219.1
Project("{9A19103F-16F7-4668-BE54-9A1E7A4F7556}") = "CSharpBasic", "CSharpBasic\CSharpBasic.csproj", "{9329A01A-CE10-4A9E-B5B9-39542C844209}"
EndProject
Project("{9A19103F-16F7-4668-BE54-9A1E7A4F7556}") = "01-HelloSoftUni", "01-HelloSoftUni\01-HelloSoftUni.csproj", "{67974AFA-6C9B-4AD9-A720-878C2FAFF5AE}"
EndProject
Project("{9A19103F-16F7-4668-BE54-9A1E7A4F7556}") = "02-Nums1To10", "02-Nums1To10\02-Nums1To10.csproj", "{FADC66C3-5CB5-4CC4-B60E-C1701A6C6007}"
EndProject
Project("{9A19103F-16F7-4668-BE54-9A1E7A4F7556}") = "03-RectAngleArea", "03-RecrAngleArea\03-RectAngleArea.csproj", "{C0C0A8A9-20F8-4CC4-AF56-DACF88DB44CB}"
EndProject
Project("{9A19103F-16F7-4668-BE54-9A1E7A4F7556}") = "04-CentimetersToInches", "04-CentimetersToInches\04-CentimetersToInches.csproj", "{EE60D8AB-C10A-4F9A-B2F0-C77543211507}"
EndProject
Project("{9A19103F-16F7-4668-BE54-9A1E7A4F7556}") = "05-GreetingByName", "05-GreetingByName\05-GreetingByName.csproj", "{69EB8398-9943-4C5C-B927-BD0C530994B8}"
EndProject
Project("{9A19103F-16F7-4668-BE54-9A1E7A4F7556}") = "06-ConcatData", "06-ConcatData\06-ConcatData.csproj", "{F77AA6C9-E8AA-4C03-8899-2D86E1FDF099}"
EndProject
Project("{9A19103F-16F7-4668-BE54-9A1E7A4F7556}") = "07-ProjectCreation", "07-ProjectCreation\07-ProjectCreation.csproj", "{4EB5B0AB-39C1-45B7-BD1D-BEEAE8606800}"
EndProject
Project("{9A19103F-16F7-4668-BE54-9A1E7A4F7556}") = "08-PetShop", "08-PetShop\08-PetShop.csproj", "{84559870-3ECA-4919-98BD-E211CF1D80B6}"
EndProject
Project("{9A19103F-16F7-4668-BE54-9A1E7A4F7556}") = "09-YardGreening", "09-YardGreening\09-YardGreening.csproj", "{3695BBD9-768A-43B7-9094-36E1B4FB8B79}"
EndProject
Project("{2150E333-8FDC-42A3-9474-1A3956D46DE8}") = "FirstStep-In-Coding-Exe", "FirstStep-In-Coding-Exe", "{1F196101-634A-4690-86EB-FB840DFAABCD}"
EndProject
Project("{9A19103F-16F7-4668-BE54-9A1E7A4F7556}") = "01-UsdToBgn", "UsdToBgn\01-UsdToBgn.csproj", "{5110C1ED-EC6C-48C5-94DD-C3E4A011BA3B}"
EndProject
Project("{9A19103F-16F7-4668-BE54-9A1E7A4F7556}") = "02-RadiansToDegree", "02-RadiansToDegree\02-RadiansToDegree.csproj", "{539E39A2-A999-42A1-92C4-9A7FB5AE3DCF}"
EndProject
Project("{9A19103F-16F7-4668-BE54-9A1E7A4F7556}") = "03-DepositCalc", "03-DepositCalc\03-DepositCalc.csproj", "{0739BE1A-622A-4458-899D-F0E1D0942152}"
EndProject
Project("{9A19103F-16F7-4668-BE54-9A1E7A4F7556}") = "04-vacationBookList", "04-vacationBookList\04-vacationBookList.csproj", "{14D11E70-AF6E-4B91-9689-FFF6CED21598}"
EndProject
Project("{9A19103F-16F7-4668-BE54-9A1E7A4F7556}") = "05-SupplisForSchool", "05-SupplisForSchool\05-SupplisForSchool.csproj", "{3D529CB5-F7B1-4F25-ACB5-896F81040A25}"
EndProject
Project("{9A19103F-16F7-4668-BE54-9A1E7A4F7556}") = "06-Repainting", "06-Repainting\06-Repainting.csproj", "{E358FCB9-B57D-4507-88B6-ED5FDF0208C6}"
EndProject
Project("{9A19103F-16F7-4668-BE54-9A1E7A4F7556}") = "07-FoodDelivery", "07-FoodDelivery\07-FoodDelivery.csproj", "{D3F9C667-5006-4D8B-A55F-5B127B6A82A5}"
EndProject
Project("{9A19103F-16F7-4668-BE54-9A1E7A4F7556}") = "08-BasketballEquipment", "08-BasketballEquipment\08-BasketballEquipment.csproj", "{D70336F5-5640-4688-8656-35253D8A602D}"
EndProject
Project("{9A19103F-16F7-4668-BE54-9A1E7A4F7556}") = "09-FishTank", "09-FishTank\09-FishTank.csproj", "{92A2F2A8-799B-454C-9DE9-6789ECA4B847}"
EndProject
Project("{2150E333-8FDC-42A3-9474-1A3956D46DE8}") = "ConditionalStatements", "ConditionalStatements", "{A986E055-0AC6-4C21-B38F-214C6A1CC417}"
EndProject
Project("{FAE04EC0-301F-11D3-BF4B-00C04F79EFBC}") = "01-ExcellentResult", "01-ExcellentResult\01-ExcellentResult.csproj", "{71BA0327-FB7E-41A8-85D3-2307C6AAADAD}"
EndProject
Project("{FAE04EC0-301F-11D3-BF4B-00C04F79EFBC}") = "02-GreaterNumber", "02-GreaterNumber\02-GreaterNumber.csproj", "{DCAB40B2-DE96-4C7D-9E58-EBD8D46A6C42}"
EndProject
Project("{FAE04EC0-301F-11D3-BF4B-00C04F79EFBC}") = "03-EvenOrOdd", "03-EvenOrOdd\03-EvenOrOdd.csproj", "{A472C307-4260-4256-81F0-292CDFF02E9F}"
EndProject
Project("{FAE04EC0-301F-11D3-BF4B-00C04F79EFBC}") = "04-PasswordGuess", "04-PasswordGuess\04-PasswordGuess.csproj", "{29A1CD4F-09C4-489B-BE4D-6E44A253D9E5}"
EndProject
Project("{FAE04EC0-301F-11D3-BF4B-00C04F79EFBC}") = "05-Number100To200", "05-Number100To200\05-Number100To200.csproj", "{B4AB8757-F0D5-449A-B2FF-CBAD2DB35326}"
EndProject
Project("{FAE04EC0-301F-11D3-BF4B-00C04F79EFBC}") = "06-SpeedInfo", "06-SpeedInfo\06-SpeedInfo.csproj", "{7B1E645B-F79C-4D9B-BB1A-D17E4B089172}"
EndProject
Project("{FAE04EC0-301F-11D3-BF4B-00C04F79EFBC}") = "07-AreaOfFigures", "07-AreaOfFigures\07-AreaOfFigures.csproj", "{E5E17F93-09C7-4EAD-8F44-4224F7E72D12}"
EndProject
Project("{2150E333-8FDC-42A3-9474-1A3956D46DE8}") = "ConditionalStatements", "ConditionalStatements", "{A986E055-0AC6-4C21-B38F-214C6A1CC417}"
EndProject
Project("{9A19103F-16F7-4668-BE54-9A1E7A4F7556}") = "01-ExcellentResult", "01-ExcellentResult\01-ExcellentResult.csproj", "{71BA0327-FB7E-41A8-85D3-2307C6AAADAD}"
EndProject
Project("{9A19103F-16F7-4668-BE54-9A1E7A4F7556}") = "02-GreaterNumber", "02-GreaterNumber\02-GreaterNumber.csproj", "{DCAB40B2-DE96-4C7D-9E58-EBD8D46A6C42}"
EndProject
Project("{9A19103F-16F7-4668-BE54-9A1E7A4F7556}") = "03-EvenOrOdd", "03-EvenOrOdd\03-EvenOrOdd.csproj", "{A472C307-4260-4256-81F0-292CDFF02E9F}"
EndProject
Project("{9A19103F-16F7-4668-BE54-9A1E7A4F7556}") = "04-PasswordGuess", "04-PasswordGuess\04-PasswordGuess.csproj", "{29A1CD4F-09C4-489B-BE4D-6E44A253D9E5}"
EndProject
Project("{9A19103F-16F7-4668-BE54-9A1E7A4F7556}") = "05-Number100To200", "05-Number100To200\05-Number100To200.csproj", "{B4AB8757-F0D5-449A-B2FF-CBAD2DB35326}"
EndProject
Project("{9A19103F-16F7-4668-BE54-9A1E7A4F7556}") = "06-SpeedInfo", "06-SpeedInfo\06-SpeedInfo.csproj", "{7B1E645B-F79C-4D9B-BB1A-D17E4B089172}"
EndProject
Project("{9A19103F-16F7-4668-BE54-9A1E7A4F7556}") = "07-AreaOfFigures", "07-AreaOfFigures\07-AreaOfFigures.csproj", "{E5E17F93-09C7-4EAD-8F44-4224F7E72D12}"
EndProject
Project("{2150E333-8FDC-42A3-9474-1A3956D46DE8}") = "Conditional-Statement-Exe", "Conditional-Statement-Exe", "{AAA24143-B79C-4E64-9C5D-F9A38ECD20F2}"
EndProject
Project("{FAE04EC0-301F-11D3-BF4B-00C04F79EFBC}") = "01-SumSeconds", "01-SumSeconds\01-SumSeconds.csproj", "{5EAC2516-2B32-4E9D-8761-84966FD68453}"
EndProject
Project("{FAE04EC0-301F-11D3-BF4B-00C04F79EFBC}") = "02-BonusScore", "02-BonusScore\02-BonusScore.csproj", "{B32316F6-6859-46E2-878B-00C380C6079F}"
EndProject
Project("{FAE04EC0-301F-11D3-BF4B-00C04F79EFBC}") = "03-TimePlus15Minutes", "03-TimePlus15Minutes\03-TimePlus15Minutes.csproj", "{14DD567D-E212-482B-8072-1A552DA9BCEF}"
EndProject
Project("{FAE04EC0-301F-11D3-BF4B-00C04F79EFBC}") = "04-ToyShop", "04-ToyShop\04-ToyShop.csproj", "{659921D9-5D6E-4DFC-BFD7-959474ABA453}"
EndProject
Global
	GlobalSection(SolutionConfigurationPlatforms) = preSolution
		Debug|Any CPU = Debug|Any CPU
		Release|Any CPU = Release|Any CPU
	EndGlobalSection
	GlobalSection(ProjectConfigurationPlatforms) = postSolution
		{9329A01A-CE10-4A9E-B5B9-39542C844209}.Debug|Any CPU.ActiveCfg = Debug|Any CPU
		{9329A01A-CE10-4A9E-B5B9-39542C844209}.Debug|Any CPU.Build.0 = Debug|Any CPU
		{9329A01A-CE10-4A9E-B5B9-39542C844209}.Release|Any CPU.ActiveCfg = Release|Any CPU
		{9329A01A-CE10-4A9E-B5B9-39542C844209}.Release|Any CPU.Build.0 = Release|Any CPU
		{67974AFA-6C9B-4AD9-A720-878C2FAFF5AE}.Debug|Any CPU.ActiveCfg = Debug|Any CPU
		{67974AFA-6C9B-4AD9-A720-878C2FAFF5AE}.Debug|Any CPU.Build.0 = Debug|Any CPU
		{67974AFA-6C9B-4AD9-A720-878C2FAFF5AE}.Release|Any CPU.ActiveCfg = Release|Any CPU
		{67974AFA-6C9B-4AD9-A720-878C2FAFF5AE}.Release|Any CPU.Build.0 = Release|Any CPU
		{FADC66C3-5CB5-4CC4-B60E-C1701A6C6007}.Debug|Any CPU.ActiveCfg = Debug|Any CPU
		{FADC66C3-5CB5-4CC4-B60E-C1701A6C6007}.Debug|Any CPU.Build.0 = Debug|Any CPU
		{FADC66C3-5CB5-4CC4-B60E-C1701A6C6007}.Release|Any CPU.ActiveCfg = Release|Any CPU
		{FADC66C3-5CB5-4CC4-B60E-C1701A6C6007}.Release|Any CPU.Build.0 = Release|Any CPU
		{C0C0A8A9-20F8-4CC4-AF56-DACF88DB44CB}.Debug|Any CPU.ActiveCfg = Debug|Any CPU
		{C0C0A8A9-20F8-4CC4-AF56-DACF88DB44CB}.Debug|Any CPU.Build.0 = Debug|Any CPU
		{C0C0A8A9-20F8-4CC4-AF56-DACF88DB44CB}.Release|Any CPU.ActiveCfg = Release|Any CPU
		{C0C0A8A9-20F8-4CC4-AF56-DACF88DB44CB}.Release|Any CPU.Build.0 = Release|Any CPU
		{EE60D8AB-C10A-4F9A-B2F0-C77543211507}.Debug|Any CPU.ActiveCfg = Debug|Any CPU
		{EE60D8AB-C10A-4F9A-B2F0-C77543211507}.Debug|Any CPU.Build.0 = Debug|Any CPU
		{EE60D8AB-C10A-4F9A-B2F0-C77543211507}.Release|Any CPU.ActiveCfg = Release|Any CPU
		{EE60D8AB-C10A-4F9A-B2F0-C77543211507}.Release|Any CPU.Build.0 = Release|Any CPU
		{69EB8398-9943-4C5C-B927-BD0C530994B8}.Debug|Any CPU.ActiveCfg = Debug|Any CPU
		{69EB8398-9943-4C5C-B927-BD0C530994B8}.Debug|Any CPU.Build.0 = Debug|Any CPU
		{69EB8398-9943-4C5C-B927-BD0C530994B8}.Release|Any CPU.ActiveCfg = Release|Any CPU
		{69EB8398-9943-4C5C-B927-BD0C530994B8}.Release|Any CPU.Build.0 = Release|Any CPU
		{F77AA6C9-E8AA-4C03-8899-2D86E1FDF099}.Debug|Any CPU.ActiveCfg = Debug|Any CPU
		{F77AA6C9-E8AA-4C03-8899-2D86E1FDF099}.Debug|Any CPU.Build.0 = Debug|Any CPU
		{F77AA6C9-E8AA-4C03-8899-2D86E1FDF099}.Release|Any CPU.ActiveCfg = Release|Any CPU
		{F77AA6C9-E8AA-4C03-8899-2D86E1FDF099}.Release|Any CPU.Build.0 = Release|Any CPU
		{4EB5B0AB-39C1-45B7-BD1D-BEEAE8606800}.Debug|Any CPU.ActiveCfg = Debug|Any CPU
		{4EB5B0AB-39C1-45B7-BD1D-BEEAE8606800}.Debug|Any CPU.Build.0 = Debug|Any CPU
		{4EB5B0AB-39C1-45B7-BD1D-BEEAE8606800}.Release|Any CPU.ActiveCfg = Release|Any CPU
		{4EB5B0AB-39C1-45B7-BD1D-BEEAE8606800}.Release|Any CPU.Build.0 = Release|Any CPU
		{84559870-3ECA-4919-98BD-E211CF1D80B6}.Debug|Any CPU.ActiveCfg = Debug|Any CPU
		{84559870-3ECA-4919-98BD-E211CF1D80B6}.Debug|Any CPU.Build.0 = Debug|Any CPU
		{84559870-3ECA-4919-98BD-E211CF1D80B6}.Release|Any CPU.ActiveCfg = Release|Any CPU
		{84559870-3ECA-4919-98BD-E211CF1D80B6}.Release|Any CPU.Build.0 = Release|Any CPU
		{3695BBD9-768A-43B7-9094-36E1B4FB8B79}.Debug|Any CPU.ActiveCfg = Debug|Any CPU
		{3695BBD9-768A-43B7-9094-36E1B4FB8B79}.Debug|Any CPU.Build.0 = Debug|Any CPU
		{3695BBD9-768A-43B7-9094-36E1B4FB8B79}.Release|Any CPU.ActiveCfg = Release|Any CPU
		{3695BBD9-768A-43B7-9094-36E1B4FB8B79}.Release|Any CPU.Build.0 = Release|Any CPU
		{5110C1ED-EC6C-48C5-94DD-C3E4A011BA3B}.Debug|Any CPU.ActiveCfg = Debug|Any CPU
		{5110C1ED-EC6C-48C5-94DD-C3E4A011BA3B}.Debug|Any CPU.Build.0 = Debug|Any CPU
		{5110C1ED-EC6C-48C5-94DD-C3E4A011BA3B}.Release|Any CPU.ActiveCfg = Release|Any CPU
		{5110C1ED-EC6C-48C5-94DD-C3E4A011BA3B}.Release|Any CPU.Build.0 = Release|Any CPU
		{539E39A2-A999-42A1-92C4-9A7FB5AE3DCF}.Debug|Any CPU.ActiveCfg = Debug|Any CPU
		{539E39A2-A999-42A1-92C4-9A7FB5AE3DCF}.Debug|Any CPU.Build.0 = Debug|Any CPU
		{539E39A2-A999-42A1-92C4-9A7FB5AE3DCF}.Release|Any CPU.ActiveCfg = Release|Any CPU
		{539E39A2-A999-42A1-92C4-9A7FB5AE3DCF}.Release|Any CPU.Build.0 = Release|Any CPU
		{0739BE1A-622A-4458-899D-F0E1D0942152}.Debug|Any CPU.ActiveCfg = Debug|Any CPU
		{0739BE1A-622A-4458-899D-F0E1D0942152}.Debug|Any CPU.Build.0 = Debug|Any CPU
		{0739BE1A-622A-4458-899D-F0E1D0942152}.Release|Any CPU.ActiveCfg = Release|Any CPU
		{0739BE1A-622A-4458-899D-F0E1D0942152}.Release|Any CPU.Build.0 = Release|Any CPU
		{14D11E70-AF6E-4B91-9689-FFF6CED21598}.Debug|Any CPU.ActiveCfg = Debug|Any CPU
		{14D11E70-AF6E-4B91-9689-FFF6CED21598}.Debug|Any CPU.Build.0 = Debug|Any CPU
		{14D11E70-AF6E-4B91-9689-FFF6CED21598}.Release|Any CPU.ActiveCfg = Release|Any CPU
		{14D11E70-AF6E-4B91-9689-FFF6CED21598}.Release|Any CPU.Build.0 = Release|Any CPU
		{3D529CB5-F7B1-4F25-ACB5-896F81040A25}.Debug|Any CPU.ActiveCfg = Debug|Any CPU
		{3D529CB5-F7B1-4F25-ACB5-896F81040A25}.Debug|Any CPU.Build.0 = Debug|Any CPU
		{3D529CB5-F7B1-4F25-ACB5-896F81040A25}.Release|Any CPU.ActiveCfg = Release|Any CPU
		{3D529CB5-F7B1-4F25-ACB5-896F81040A25}.Release|Any CPU.Build.0 = Release|Any CPU
		{E358FCB9-B57D-4507-88B6-ED5FDF0208C6}.Debug|Any CPU.ActiveCfg = Debug|Any CPU
		{E358FCB9-B57D-4507-88B6-ED5FDF0208C6}.Debug|Any CPU.Build.0 = Debug|Any CPU
		{E358FCB9-B57D-4507-88B6-ED5FDF0208C6}.Release|Any CPU.ActiveCfg = Release|Any CPU
		{E358FCB9-B57D-4507-88B6-ED5FDF0208C6}.Release|Any CPU.Build.0 = Release|Any CPU
		{D3F9C667-5006-4D8B-A55F-5B127B6A82A5}.Debug|Any CPU.ActiveCfg = Debug|Any CPU
		{D3F9C667-5006-4D8B-A55F-5B127B6A82A5}.Debug|Any CPU.Build.0 = Debug|Any CPU
		{D3F9C667-5006-4D8B-A55F-5B127B6A82A5}.Release|Any CPU.ActiveCfg = Release|Any CPU
		{D3F9C667-5006-4D8B-A55F-5B127B6A82A5}.Release|Any CPU.Build.0 = Release|Any CPU
		{D70336F5-5640-4688-8656-35253D8A602D}.Debug|Any CPU.ActiveCfg = Debug|Any CPU
		{D70336F5-5640-4688-8656-35253D8A602D}.Debug|Any CPU.Build.0 = Debug|Any CPU
		{D70336F5-5640-4688-8656-35253D8A602D}.Release|Any CPU.ActiveCfg = Release|Any CPU
		{D70336F5-5640-4688-8656-35253D8A602D}.Release|Any CPU.Build.0 = Release|Any CPU
		{92A2F2A8-799B-454C-9DE9-6789ECA4B847}.Debug|Any CPU.ActiveCfg = Debug|Any CPU
		{92A2F2A8-799B-454C-9DE9-6789ECA4B847}.Debug|Any CPU.Build.0 = Debug|Any CPU
		{92A2F2A8-799B-454C-9DE9-6789ECA4B847}.Release|Any CPU.ActiveCfg = Release|Any CPU
		{92A2F2A8-799B-454C-9DE9-6789ECA4B847}.Release|Any CPU.Build.0 = Release|Any CPU
	EndGlobalSection
	GlobalSection(SolutionProperties) = preSolution
		HideSolutionNode = FALSE
	EndGlobalSection
	GlobalSection(NestedProjects) = preSolution
		{5110C1ED-EC6C-48C5-94DD-C3E4A011BA3B} = {1F196101-634A-4690-86EB-FB840DFAABCD}
		{539E39A2-A999-42A1-92C4-9A7FB5AE3DCF} = {1F196101-634A-4690-86EB-FB840DFAABCD}
		{0739BE1A-622A-4458-899D-F0E1D0942152} = {1F196101-634A-4690-86EB-FB840DFAABCD}
		{14D11E70-AF6E-4B91-9689-FFF6CED21598} = {1F196101-634A-4690-86EB-FB840DFAABCD}
		{3D529CB5-F7B1-4F25-ACB5-896F81040A25} = {1F196101-634A-4690-86EB-FB840DFAABCD}
		{E358FCB9-B57D-4507-88B6-ED5FDF0208C6} = {1F196101-634A-4690-86EB-FB840DFAABCD}
		{D3F9C667-5006-4D8B-A55F-5B127B6A82A5} = {1F196101-634A-4690-86EB-FB840DFAABCD}
		{D70336F5-5640-4688-8656-35253D8A602D} = {1F196101-634A-4690-86EB-FB840DFAABCD}
		{92A2F2A8-799B-454C-9DE9-6789ECA4B847} = {1F196101-634A-4690-86EB-FB840DFAABCD}
	EndGlobalSection
	GlobalSection(ExtensibilityGlobals) = postSolution
		SolutionGuid = {AE04519E-5DA7-46E3-AF2F-B6EDC8B3444C}
	EndGlobalSection
EndGlobal
